// !$*UTF8*$!
{
	archiveVersion = 1;
	classes = {
	};
	objectVersion = 46;
	objects = {

/* Begin PBXBuildFile section */
		7F8E48081C3B2BF00017CBE7 /* main.m in Sources */ = {isa = PBXBuildFile; fileRef = 7F8E48071C3B2BF00017CBE7 /* main.m */; };
		7F8E480B1C3B2BF00017CBE7 /* AppDelegate.m in Sources */ = {isa = PBXBuildFile; fileRef = 7F8E480A1C3B2BF00017CBE7 /* AppDelegate.m */; };
		7F8E480E1C3B2BF00017CBE7 /* ViewController.m in Sources */ = {isa = PBXBuildFile; fileRef = 7F8E480D1C3B2BF00017CBE7 /* ViewController.m */; };
		7F8E48111C3B2BF00017CBE7 /* Main.storyboard in Resources */ = {isa = PBXBuildFile; fileRef = 7F8E480F1C3B2BF00017CBE7 /* Main.storyboard */; };
		7F8E48131C3B2BF00017CBE7 /* Images.xcassets in Resources */ = {isa = PBXBuildFile; fileRef = 7F8E48121C3B2BF00017CBE7 /* Images.xcassets */; };
		7F8E48161C3B2BF00017CBE7 /* LaunchScreen.xib in Resources */ = {isa = PBXBuildFile; fileRef = 7F8E48141C3B2BF00017CBE7 /* LaunchScreen.xib */; };
		7F8E48221C3B2BF00017CBE7 /* ProdutosTests.m in Sources */ = {isa = PBXBuildFile; fileRef = 7F8E48211C3B2BF00017CBE7 /* ProdutosTests.m */; };
/* End PBXBuildFile section */

/* Begin PBXContainerItemProxy section */
		7F8E481C1C3B2BF00017CBE7 /* PBXContainerItemProxy */ = {
			isa = PBXContainerItemProxy;
			containerPortal = 7F8E47FA1C3B2BEF0017CBE7 /* Project object */;
			proxyType = 1;
			remoteGlobalIDString = 7F8E48011C3B2BEF0017CBE7;
			remoteInfo = Produtos;
		};
/* End PBXContainerItemProxy section */

/* Begin PBXFileReference section */
		7F8E48021C3B2BF00017CBE7 /* Produtos.app */ = {isa = PBXFileReference; explicitFileType = wrapper.application; includeInIndex = 0; path = Produtos.app; sourceTree = BUILT_PRODUCTS_DIR; };
		7F8E48061C3B2BF00017CBE7 /* Info.plist */ = {isa = PBXFileReference; lastKnownFileType = text.plist.xml; path = Info.plist; sourceTree = "<group>"; };
		7F8E48071C3B2BF00017CBE7 /* main.m */ = {isa = PBXFileReference; lastKnownFileType = sourcecode.c.objc; path = main.m; sourceTree = "<group>"; };
		7F8E48091C3B2BF00017CBE7 /* AppDelegate.h */ = {isa = PBXFileReference; lastKnownFileType = sourcecode.c.h; path = AppDelegate.h; sourceTree = "<group>"; };
		7F8E480A1C3B2BF00017CBE7 /* AppDelegate.m */ = {isa = PBXFileReference; lastKnownFileType = sourcecode.c.objc; path = AppDelegate.m; sourceTree = "<group>"; };
		7F8E480C1C3B2BF00017CBE7 /* ViewController.h */ = {isa = PBXFileReference; lastKnownFileType = sourcecode.c.h; path = ViewController.h; sourceTree = "<group>"; };
		7F8E480D1C3B2BF00017CBE7 /* ViewController.m */ = {isa = PBXFileReference; lastKnownFileType = sourcecode.c.objc; path = ViewController.m; sourceTree = "<group>"; };
		7F8E48101C3B2BF00017CBE7 /* Base */ = {isa = PBXFileReference; lastKnownFileType = file.storyboard; name = Base; path = Base.lproj/Main.storyboard; sourceTree = "<group>"; };
		7F8E48121C3B2BF00017CBE7 /* Images.xcassets */ = {isa = PBXFileReference; lastKnownFileType = folder.assetcatalog; path = Images.xcassets; sourceTree = "<group>"; };
		7F8E48151C3B2BF00017CBE7 /* Base */ = {isa = PBXFileReference; lastKnownFileType = file.xib; name = Base; path = Base.lproj/LaunchScreen.xib; sourceTree = "<group>"; };
		7F8E481B1C3B2BF00017CBE7 /* ProdutosTests.xctest */ = {isa = PBXFileReference; explicitFileType = wrapper.cfbundle; includeInIndex = 0; path = ProdutosTests.xctest; sourceTree = BUILT_PRODUCTS_DIR; };
		7F8E48201C3B2BF00017CBE7 /* Info.plist */ = {isa = PBXFileReference; lastKnownFileType = text.plist.xml; path = Info.plist; sourceTree = "<group>"; };
		7F8E48211C3B2BF00017CBE7 /* ProdutosTests.m */ = {isa = PBXFileReference; lastKnownFileType = sourcecode.c.objc; path = ProdutosTests.m; sourceTree = "<group>"; };
/* End PBXFileReference section */

/* Begin PBXFrameworksBuildPhase section */
		7F8E47FF1C3B2BEF0017CBE7 /* Frameworks */ = {
			isa = PBXFrameworksBuildPhase;
			buildActionMask = 2147483647;
			files = (
			);
			runOnlyForDeploymentPostprocessing = 0;
		};
		7F8E48181C3B2BF00017CBE7 /* Frameworks */ = {
			isa = PBXFrameworksBuildPhase;
			buildActionMask = 2147483647;
			files = (
			);
			runOnlyForDeploymentPostprocessing = 0;
		};
/* End PBXFrameworksBuildPhase section */

/* Begin PBXGroup section */
		7F8E47F91C3B2BEF0017CBE7 = {
			isa = PBXGroup;
			children = (
				7F8E48041C3B2BF00017CBE7 /* Produtos */,
				7F8E481E1C3B2BF00017CBE7 /* ProdutosTests */,
				7F8E48031C3B2BF00017CBE7 /* Products */,
			);
			sourceTree = "<group>";
		};
		7F8E48031C3B2BF00017CBE7 /* Products */ = {
			isa = PBXGroup;
			children = (
				7F8E48021C3B2BF00017CBE7 /* Produtos.app */,
				7F8E481B1C3B2BF00017CBE7 /* ProdutosTests.xctest */,
			);
			name = Products;
			sourceTree = "<group>";
		};
		7F8E48041C3B2BF00017CBE7 /* Produtos */ = {
			isa = PBXGroup;
			children = (
				7F8E48091C3B2BF00017CBE7 /* AppDelegate.h */,
				7F8E480A1C3B2BF00017CBE7 /* AppDelegate.m */,
				7F8E480C1C3B2BF00017CBE7 /* ViewController.h */,
				7F8E480D1C3B2BF00017CBE7 /* ViewController.m */,
				7F8E480F1C3B2BF00017CBE7 /* Main.storyboard */,
				7F8E48121C3B2BF00017CBE7 /* Images.xcassets */,
				7F8E48141C3B2BF00017CBE7 /* LaunchScreen.xib */,
				7F8E48051C3B2BF00017CBE7 /* Supporting Files */,
			);
			path = Produtos;
			sourceTree = "<group>";
		};
		7F8E48051C3B2BF00017CBE7 /* Supporting Files */ = {
			isa = PBXGroup;
			children = (
				7F8E48061C3B2BF00017CBE7 /* Info.plist */,
				7F8E48071C3B2BF00017CBE7 /* main.m */,
			);
			name = "Supporting Files";
			sourceTree = "<group>";
		};
		7F8E481E1C3B2BF00017CBE7 /* ProdutosTests */ = {
			isa = PBXGroup;
			children = (
				7F8E48211C3B2BF00017CBE7 /* ProdutosTests.m */,
				7F8E481F1C3B2BF00017CBE7 /* Supporting Files */,
			);
			path = ProdutosTests;
			sourceTree = "<group>";
		};
		7F8E481F1C3B2BF00017CBE7 /* Supporting Files */ = {
			isa = PBXGroup;
			children = (
				7F8E48201C3B2BF00017CBE7 /* Info.plist */,
			);
			name = "Supporting Files";
			sourceTree = "<group>";
		};
/* End PBXGroup section */

/* Begin PBXNativeTarget section */
		7F8E48011C3B2BEF0017CBE7 /* Produtos */ = {
			isa = PBXNativeTarget;
			buildConfigurationList = 7F8E48251C3B2BF00017CBE7 /* Build configuration list for PBXNativeTarget "Produtos" */;
			buildPhases = (
				7F8E47FE1C3B2BEF0017CBE7 /* Sources */,
				7F8E47FF1C3B2BEF0017CBE7 /* Frameworks */,
				7F8E48001C3B2BEF0017CBE7 /* Resources */,
			);
			buildRules = (
			);
			dependencies = (
			);
			name = Produtos;
			productName = Produtos;
			productReference = 7F8E48021C3B2BF00017CBE7 /* Produtos.app */;
			productType = "com.apple.product-type.application";
		};
		7F8E481A1C3B2BF00017CBE7 /* ProdutosTests */ = {
			isa = PBXNativeTarget;
			buildConfigurationList = 7F8E48281C3B2BF00017CBE7 /* Build configuration list for PBXNativeTarget "ProdutosTests" */;
			buildPhases = (
				7F8E48171C3B2BF00017CBE7 /* Sources */,
				7F8E48181C3B2BF00017CBE7 /* Frameworks */,
				7F8E48191C3B2BF00017CBE7 /* Resources */,
			);
			buildRules = (
			);
			dependencies = (
				7F8E481D1C3B2BF00017CBE7 /* PBXTargetDependency */,
			);
			name = ProdutosTests;
			productName = ProdutosTests;
			productReference = 7F8E481B1C3B2BF00017CBE7 /* ProdutosTests.xctest */;
			productType = "com.apple.product-type.bundle.unit-test";
		};
/* End PBXNativeTarget section */

/* Begin PBXProject section */
		7F8E47FA1C3B2BEF0017CBE7 /* Project object */ = {
			isa = PBXProject;
			attributes = {
				LastUpgradeCheck = 0620;
				ORGANIZATIONNAME = "Quantom Tecnologia";
				TargetAttributes = {
					7F8E48011C3B2BEF0017CBE7 = {
						CreatedOnToolsVersion = 6.2;
					};
					7F8E481A1C3B2BF00017CBE7 = {
						CreatedOnToolsVersion = 6.2;
						TestTargetID = 7F8E48011C3B2BEF0017CBE7;
					};
				};
			};
			buildConfigurationList = 7F8E47FD1C3B2BEF0017CBE7 /* Build configuration list for PBXProject "Produtos" */;
			compatibilityVersion = "Xcode 3.2";
			developmentRegion = English;
			hasScannedForEncodings = 0;
			knownRegions = (
				en,
				Base,
			);
			mainGroup = 7F8E47F91C3B2BEF0017CBE7;
			productRefGroup = 7F8E48031C3B2BF00017CBE7 /* Products */;
			projectDirPath = "";
			projectRoot = "";
			targets = (
				7F8E48011C3B2BEF0017CBE7 /* Produtos */,
				7F8E481A1C3B2BF00017CBE7 /* ProdutosTests */,
			);
		};
/* End PBXProject section */

/* Begin PBXResourcesBuildPhase section */
		7F8E48001C3B2BEF0017CBE7 /* Resources */ = {
			isa = PBXResourcesBuildPhase;
			buildActionMask = 2147483647;
			files = (
				7F8E48111C3B2BF00017CBE7 /* Main.storyboard in Resources */,
				7F8E48161C3B2BF00017CBE7 /* LaunchScreen.xib in Resources */,
				7F8E48131C3B2BF00017CBE7 /* Images.xcassets in Resources */,
			);
			runOnlyForDeploymentPostprocessing = 0;
		};
		7F8E48191C3B2BF00017CBE7 /* Resources */ = {
			isa = PBXResourcesBuildPhase;
			buildActionMask = 2147483647;
			files = (
			);
			runOnlyForDeploymentPostprocessing = 0;
		};
/* End PBXResourcesBuildPhase section */

/* Begin PBXSourcesBuildPhase section */
		7F8E47FE1C3B2BEF0017CBE7 /* Sources */ = {
			isa = PBXSourcesBuildPhase;
			buildActionMask = 2147483647;
			files = (
				7F8E480E1C3B2BF00017CBE7 /* ViewController.m in Sources */,
				7F8E480B1C3B2BF00017CBE7 /* AppDelegate.m in Sources */,
				7F8E48081C3B2BF00017CBE7 /* main.m in Sources */,
			);
			runOnlyForDeploymentPostprocessing = 0;
		};
		7F8E48171C3B2BF00017CBE7 /* Sources */ = {
			isa = PBXSourcesBuildPhase;
			buildActionMask = 2147483647;
			files = (
				7F8E48221C3B2BF00017CBE7 /* ProdutosTests.m in Sources */,
			);
			runOnlyForDeploymentPostprocessing = 0;
		};
/* End PBXSourcesBuildPhase section */

/* Begin PBXTargetDependency section */
		7F8E481D1C3B2BF00017CBE7 /* PBXTargetDependency */ = {
			isa = PBXTargetDependency;
			target = 7F8E48011C3B2BEF0017CBE7 /* Produtos */;
			targetProxy = 7F8E481C1C3B2BF00017CBE7 /* PBXContainerItemProxy */;
		};
/* End PBXTargetDependency section */

/* Begin PBXVariantGroup section */
		7F8E480F1C3B2BF00017CBE7 /* Main.storyboard */ = {
			isa = PBXVariantGroup;
			children = (
				7F8E48101C3B2BF00017CBE7 /* Base */,
			);
			name = Main.storyboard;
			sourceTree = "<group>";
		};
		7F8E48141C3B2BF00017CBE7 /* LaunchScreen.xib */ = {
			isa = PBXVariantGroup;
			children = (
				7F8E48151C3B2BF00017CBE7 /* Base */,
			);
			name = LaunchScreen.xib;
			sourceTree = "<group>";
		};
/* End PBXVariantGroup section */

/* Begin XCBuildConfiguration section */
		7F8E48231C3B2BF00017CBE7 /* Debug */ = {
			isa = XCBuildConfiguration;
			buildSettings = {
				ALWAYS_SEARCH_USER_PATHS = NO;
				CLANG_CXX_LANGUAGE_STANDARD = "gnu++0x";
				CLANG_CXX_LIBRARY = "libc++";
				CLANG_ENABLE_MODULES = YES;
				CLANG_ENABLE_OBJC_ARC = YES;
				CLANG_WARN_BOOL_CONVERSION = YES;
				CLANG_WARN_CONSTANT_CONVERSION = YES;
				CLANG_WARN_DIRECT_OBJC_ISA_USAGE = YES_ERROR;
				CLANG_WARN_EMPTY_BODY = YES;
				CLANG_WARN_ENUM_CONVERSION = YES;
				CLANG_WARN_INT_CONVERSION = YES;
				CLANG_WARN_OBJC_ROOT_CLASS = YES_ERROR;
				CLANG_WARN_UNREACHABLE_CODE = YES;
				CLANG_WARN__DUPLICATE_METHOD_MATCH = YES;
				"CODE_SIGN_IDENTITY[sdk=iphoneos*]" = "iPhone Developer";
				COPY_PHASE_STRIP = NO;
				ENABLE_STRICT_OBJC_MSGSEND = YES;
				GCC_C_LANGUAGE_STANDARD = gnu99;
				GCC_DYNAMIC_NO_PIC = NO;
				GCC_OPTIMIZATION_LEVEL = 0;
				GCC_PREPROCESSOR_DEFINITIONS = (
					"DEBUG=1",
					"$(inherited)",
				);
				GCC_SYMBOLS_PRIVATE_EXTERN = NO;
				GCC_WARN_64_TO_32_BIT_CONVERSION = YES;
				GCC_WARN_ABOUT_RETURN_TYPE = YES_ERROR;
				GCC_WARN_UNDECLARED_SELECTOR = YES;
				GCC_WARN_UNINITIALIZED_AUTOS = YES_AGGRESSIVE;
				GCC_WARN_UNUSED_FUNCTION = YES;
				GCC_WARN_UNUSED_VARIABLE = YES;
				IPHONEOS_DEPLOYMENT_TARGET = 8.2;
				MTL_ENABLE_DEBUG_INFO = YES;
				ONLY_ACTIVE_ARCH = YES;
				SDKROOT = iphoneos;
				TARGETED_DEVICE_FAMILY = "1,2";
			};
			name = Debug;
		};
		7F8E48241C3B2BF00017CBE7 /* Release */ = {
			isa = XCBuildConfiguration;
			buildSettings = {
				ALWAYS_SEARCH_USER_PATHS = NO;
				CLANG_CXX_LANGUAGE_STANDARD = "gnu++0x";
				CLANG_CXX_LIBRARY = "libc++";
				CLANG_ENABLE_MODULES = YES;
				CLANG_ENABLE_OBJC_ARC = YES;
				CLANG_WARN_BOOL_CONVERSION = YES;
				CLANG_WARN_CONSTANT_CONVERSION = YES;
				CLANG_WARN_DIRECT_OBJC_ISA_USAGE = YES_ERROR;
				CLANG_WARN_EMPTY_BODY = YES;
				CLANG_WARN_ENUM_CONVERSION = YES;
				CLANG_WARN_INT_CONVERSION = YES;
				CLANG_WARN_OBJC_ROOT_CLASS = YES_ERROR;
				CLANG_WARN_UNREACHABLE_CODE = YES;
				CLANG_WARN__DUPLICATE_METHOD_MATCH = YES;
				"CODE_SIGN_IDENTITY[sdk=iphoneos*]" = "iPhone Developer";
				COPY_PHASE_STRIP = NO;
				ENABLE_NS_ASSERTIONS = NO;
				ENABLE_STRICT_OBJC_MSGSEND = YES;
				GCC_C_LANGUAGE_STANDARD = gnu99;
				GCC_WARN_64_TO_32_BIT_CONVERSION = YES;
				GCC_WARN_ABOUT_RETURN_TYPE = YES_ERROR;
				GCC_WARN_UNDECLARED_SELECTOR = YES;
				GCC_WARN_UNINITIALIZED_AUTOS = YES_AGGRESSIVE;
				GCC_WARN_UNUSED_FUNCTION = YES;
				GCC_WARN_UNUSED_VARIABLE = YES;
				IPHONEOS_DEPLOYMENT_TARGET = 8.2;
				MTL_ENABLE_DEBUG_INFO = NO;
				SDKROOT = iphoneos;
				TARGETED_DEVICE_FAMILY = "1,2";
				VALIDATE_PRODUCT = YES;
			};
			name = Release;
		};
		7F8E48261C3B2BF00017CBE7 /* Debug */ = {
			isa = XCBuildConfiguration;
			buildSettings = {
				ASSETCATALOG_COMPILER_APPICON_NAME = AppIcon;
				INFOPLIST_FILE = Produtos/Info.plist;
				LD_RUNPATH_SEARCH_PATHS = "$(inherited) @executable_path/Frameworks";
				PRODUCT_NAME = "$(TARGET_NAME)";
			};
			name = Debug;
		};
		7F8E48271C3B2BF00017CBE7 /* Release */ = {
			isa = XCBuildConfiguration;
			buildSettings = {
				ASSETCATALOG_COMPILER_APPICON_NAME = AppIcon;
				INFOPLIST_FILE = Produtos/Info.plist;
				LD_RUNPATH_SEARCH_PATHS = "$(inherited) @executable_path/Frameworks";
				PRODUCT_NAME = "$(TARGET_NAME)";
			};
			name = Release;
		};
		7F8E48291C3B2BF00017CBE7 /* Debug */ = {
			isa = XCBuildConfiguration;
			buildSettings = {
				BUNDLE_LOADER = "$(TEST_HOST)";
				FRAMEWORK_SEARCH_PATHS = (
					"$(SDKROOT)/Developer/Library/Frameworks",
					"$(inherited)",
				);
				GCC_PREPROCESSOR_DEFINITIONS = (
					"DEBUG=1",
					"$(inherited)",
				);
				INFOPLIST_FILE = ProdutosTests/Info.plist;
				LD_RUNPATH_SEARCH_PATHS = "$(inherited) @executable_path/Frameworks @loader_path/Frameworks";
				PRODUCT_NAME = "$(TARGET_NAME)";
				TEST_HOST = "$(BUILT_PRODUCTS_DIR)/Produtos.app/Produtos";
			};
			name = Debug;
		};
		7F8E482A1C3B2BF00017CBE7 /* Release */ = {
			isa = XCBuildConfiguration;
			buildSettings = {
				BUNDLE_LOADER = "$(TEST_HOST)";
				FRAMEWORK_SEARCH_PATHS = (
					"$(SDKROOT)/Developer/Library/Frameworks",
					"$(inherited)",
				);
				INFOPLIST_FILE = ProdutosTests/Info.plist;
				LD_RUNPATH_SEARCH_PATHS = "$(inherited) @executable_path/Frameworks @loader_path/Frameworks";
				PRODUCT_NAME = "$(TARGET_NAME)";
				TEST_HOST = "$(BUILT_PRODUCTS_DIR)/Produtos.app/Produtos";
			};
			name = Release;
		};
/* End XCBuildConfiguration section */

/* Begin XCConfigurationList section */
		7F8E47FD1C3B2BEF0017CBE7 /* Build configuration list for PBXProject "Produtos" */ = {
			isa = XCConfigurationList;
			buildConfigurations = (
				7F8E48231C3B2BF00017CBE7 /* Debug */,
				7F8E48241C3B2BF00017CBE7 /* Release */,
			);
			defaultConfigurationIsVisible = 0;
			defaultConfigurationName = Release;
		};
		7F8E48251C3B2BF00017CBE7 /* Build configuration list for PBXNativeTarget "Produtos" */ = {
			isa = XCConfigurationList;
			buildConfigurations = (
				7F8E48261C3B2BF00017CBE7 /* Debug */,
				7F8E48271C3B2BF00017CBE7 /* Release */,
			);
			defaultConfigurationIsVisible = 0;
		};
		7F8E48281C3B2BF00017CBE7 /* Build configuration list for PBXNativeTarget "ProdutosTests" */ = {
			isa = XCConfigurationList;
			buildConfigurations = (
				7F8E48291C3B2BF00017CBE7 /* Debug */,
				7F8E482A1C3B2BF00017CBE7 /* Release */,
			);
			defaultConfigurationIsVisible = 0;
		};
/* End XCConfigurationList section */
	};
	rootObject = 7F8E47FA1C3B2BEF0017CBE7 /* Project object */;
}
